<?xml version="1.0" encoding="utf-8"?>
<Project ToolsVersion="4.0" xmlns="http://schemas.microsoft.com/developer/msbuild/2003">
  <ItemGroup>
    <Filter Include="Source Files">
      <UniqueIdentifier>{4FC737F1-C7A5-4376-A066-2A32D752A2FF}</UniqueIdentifier>
      <Extensions>cpp;c;cc;cxx;def;odl;idl;hpj;bat;asm;asmx</Extensions>
    </Filter>
    <Filter Include="Header Files">
      <UniqueIdentifier>{93995380-89BD-4b04-88EB-625FBE52EBFB}</UniqueIdentifier>
      <Extensions>h;hh;hpp;hxx;hm;inl;inc;ipp;xsd</Extensions>
    </Filter>
    <Filter Include="Resource Files">
      <UniqueIdentifier>{67DA6AB6-F800-4c08-8B7A-83BB121AAD01}</UniqueIdentifier>
      <Extensions>rc;ico;cur;bmp;dlg;rc2;rct;bin;rgs;gif;jpg;jpeg;jpe;resx;tiff;tif;png;wav;mfcribbon-ms</Extensions>
    </Filter>
    <Filter Include="DDSTextureLoader">
      <UniqueIdentifier>{e492c8a7-49b6-4925-aa9f-3680613ebab2}</UniqueIdentifier>
    </Filter>
    <Filter Include="WICTextureLoader">
      <UniqueIdentifier>{ebfd568c-a1c7-4056-a26b-411d75a1d8df}</UniqueIdentifier>
    </Filter>
  </ItemGroup>
  <ItemGroup>
    <ClCompile Include="main.cpp">
      <Filter>Source Files</Filter>
    </ClCompile>
    <ClCompile Include="Camera.cpp">
      <Filter>Source Files</Filter>
    </ClCompile>
    <ClCompile Include="Drawable.cpp">
      <Filter>Source Files</Filter>
    </ClCompile>
    <ClCompile Include="Mesh.cpp">
      <Filter>Source Files</Filter>
    </ClCompile>
    <ClCompile Include="Transform.cpp">
      <Filter>Source Files</Filter>
    </ClCompile>
    <ClCompile Include="Material.cpp">
      <Filter>Source Files</Filter>
    </ClCompile>
    <ClCompile Include="Scene.cpp">
      <Filter>Source Files</Filter>
    </ClCompile>
    <ClCompile Include="Light.cpp">
      <Filter>Source Files</Filter>
    </ClCompile>
    <ClCompile Include="Object.cpp">
      <Filter>Source Files</Filter>
    </ClCompile>
    <ClCompile Include="FrameUniform.cpp">
      <Filter>Source Files</Filter>
    </ClCompile>
    <ClCompile Include="SceneUniform.cpp">
      <Filter>Source Files</Filter>
    </ClCompile>
    <ClCompile Include="DrawableGroup.cpp">
      <Filter>Source Files</Filter>
    </ClCompile>
    <ClCompile Include="Renderer.cpp">
      <Filter>Source Files</Filter>
    </ClCompile>
    <ClCompile Include="Texture.cpp">
      <Filter>Source Files</Filter>
    </ClCompile>
    <ClCompile Include="WICTextureLoader\WICTextureLoader.cpp">
      <Filter>WICTextureLoader</Filter>
    </ClCompile>
    <ClCompile Include="DDSTextureLoader\DDSTextureLoader.cpp">
      <Filter>DDSTextureLoader</Filter>
    </ClCompile>
    <ClCompile Include="ObjectUniform.cpp">
      <Filter>Source Files</Filter>
    </ClCompile>
  </ItemGroup>
  <ItemGroup>
    <ClInclude Include="Camera.h">
      <Filter>Header Files</Filter>
    </ClInclude>
    <ClInclude Include="GlobalInclude.h">
      <Filter>Header Files</Filter>
    </ClInclude>
    <ClInclude Include="Drawable.h">
      <Filter>Header Files</Filter>
    </ClInclude>
    <ClInclude Include="Mesh.h">
      <Filter>Header Files</Filter>
    </ClInclude>
    <ClInclude Include="Transform.h">
      <Filter>Header Files</Filter>
    </ClInclude>
    <ClInclude Include="Material.h">
      <Filter>Header Files</Filter>
    </ClInclude>
    <ClInclude Include="Scene.h">
      <Filter>Header Files</Filter>
    </ClInclude>
    <ClInclude Include="Light.h">
      <Filter>Header Files</Filter>
    </ClInclude>
    <ClInclude Include="Object.h">
      <Filter>Header Files</Filter>
    </ClInclude>
    <ClInclude Include="FrameUniform.h">
      <Filter>Header Files</Filter>
    </ClInclude>
    <ClInclude Include="SceneUniform.h">
      <Filter>Header Files</Filter>
    </ClInclude>
    <ClInclude Include="DrawableGroup.h">
      <Filter>Header Files</Filter>
    </ClInclude>
    <ClInclude Include="Renderer.h">
      <Filter>Header Files</Filter>
    </ClInclude>
    <ClInclude Include="Texture.h">
      <Filter>Header Files</Filter>
    </ClInclude>
    <ClInclude Include="WICTextureLoader\WICTextureLoader.h">
      <Filter>WICTextureLoader</Filter>
    </ClInclude>
    <ClInclude Include="DDSTextureLoader\DDSTextureLoader.h">
      <Filter>DDSTextureLoader</Filter>
    </ClInclude>
    <ClInclude Include="ObjectUniform.h">
      <Filter>Header Files</Filter>
    </ClInclude>
  </ItemGroup>
  <ItemGroup>
    <FxCompile Include="myPixel.hlsl">
      <Filter>Source Files</Filter>
    </FxCompile>
    <FxCompile Include="myPixelCubeFog.hlsl">
      <Filter>Source Files</Filter>
    </FxCompile>
    <FxCompile Include="myVert.hlsl">
      <Filter>Source Files</Filter>
    </FxCompile>
    <FxCompile Include="myPixelSphereFog.hlsl">
      <Filter>Source Files</Filter>
    </FxCompile>
    <FxCompile Include="myPixelConeFog.hlsl">
      <Filter>Source Files</Filter>
    </FxCompile>
    <FxCompile Include="myPixelTexturePointLight.hlsl">
      <Filter>Source Files</Filter>
    </FxCompile>
    <FxCompile Include="myPixelLambertPointLight.hlsl">
      <Filter>Source Files</Filter>
    </FxCompile>
    <FxCompile Include="myPixelHalfLambertPointLight.hlsl">
      <Filter>Source Files</Filter>
    </FxCompile>
    <FxCompile Include="myPixelLambertDirectionalLight.hlsl">
      <Filter>Source Files</Filter>
    </FxCompile>
    <FxCompile Include="myPixelHalfLambertDirectionalLight.hlsl">
      <Filter>Source Files</Filter>
    </FxCompile>
    <FxCompile Include="myPixelTextureDirectionalLight.hlsl">
      <Filter>Source Files</Filter>
    </FxCompile>
    <FxCompile Include="myPixelTexturePointLightShadow.hlsl">
      <Filter>Source Files</Filter>
    </FxCompile>
    <FxCompile Include="myPixelShadowPass.hlsl">
      <Filter>Source Files</Filter>
    </FxCompile>
    <FxCompile Include="myPixelDebugShadowMap.hlsl">
      <Filter>Source Files</Filter>
    </FxCompile>
    <FxCompile Include="myVertUI.hlsl">
      <Filter>Source Files</Filter>
    </FxCompile>
    <FxCompile Include="myInclude.hlsli">
      <Filter>Source Files</Filter>
    </FxCompile>
  </ItemGroup>
</Project>